// !$*UTF8*$!
{
	archiveVersion = 1;
	classes = {
	};
	objectVersion = 46;
	objects = {

/* Begin PBXBuildFile section */
		619C90D01CFD0B500018B2E1 /* gdl.jpg in Resources */ = {isa = PBXBuildFile; fileRef = 619C90CB1CFD0B500018B2E1 /* gdl.jpg */; };
		619C90D11CFD0B500018B2E1 /* oct.jpg in Resources */ = {isa = PBXBuildFile; fileRef = 619C90CC1CFD0B500018B2E1 /* oct.jpg */; };
		619C90D21CFD0B500018B2E1 /* ptov.jpg in Resources */ = {isa = PBXBuildFile; fileRef = 619C90CD1CFD0B500018B2E1 /* ptov.jpg */; };
		619C90D31CFD0B500018B2E1 /* tlq.jpg in Resources */ = {isa = PBXBuildFile; fileRef = 619C90CE1CFD0B500018B2E1 /* tlq.jpg */; };
		619C90D41CFD0B500018B2E1 /* zpn.jpg in Resources */ = {isa = PBXBuildFile; fileRef = 619C90CF1CFD0B500018B2E1 /* zpn.jpg */; };
		619C90D81CFD14D80018B2E1 /* CityDetails.m in Sources */ = {isa = PBXBuildFile; fileRef = 619C90D71CFD14D80018B2E1 /* CityDetails.m */; };
		61CD3D1D1CFCD6E400EAEA73 /* main.m in Sources */ = {isa = PBXBuildFile; fileRef = 61CD3D1C1CFCD6E400EAEA73 /* main.m */; };
		61CD3D201CFCD6E400EAEA73 /* AppDelegate.m in Sources */ = {isa = PBXBuildFile; fileRef = 61CD3D1F1CFCD6E400EAEA73 /* AppDelegate.m */; };
		61CD3D231CFCD6E400EAEA73 /* Estados.xcdatamodeld in Sources */ = {isa = PBXBuildFile; fileRef = 61CD3D211CFCD6E400EAEA73 /* Estados.xcdatamodeld */; };
		61CD3D261CFCD6E400EAEA73 /* Home.m in Sources */ = {isa = PBXBuildFile; fileRef = 61CD3D251CFCD6E400EAEA73 /* Home.m */; };
		61CD3D291CFCD6E400EAEA73 /* Main.storyboard in Resources */ = {isa = PBXBuildFile; fileRef = 61CD3D271CFCD6E400EAEA73 /* Main.storyboard */; };
		61CD3D2B1CFCD6E400EAEA73 /* Images.xcassets in Resources */ = {isa = PBXBuildFile; fileRef = 61CD3D2A1CFCD6E400EAEA73 /* Images.xcassets */; };
		61CD3D2E1CFCD6E400EAEA73 /* LaunchScreen.xib in Resources */ = {isa = PBXBuildFile; fileRef = 61CD3D2C1CFCD6E400EAEA73 /* LaunchScreen.xib */; };
		61CD3D3A1CFCD6E400EAEA73 /* EstadosTests.m in Sources */ = {isa = PBXBuildFile; fileRef = 61CD3D391CFCD6E400EAEA73 /* EstadosTests.m */; };
		61CD3D491CFCDA4C00EAEA73 /* cellHome.m in Sources */ = {isa = PBXBuildFile; fileRef = 61CD3D471CFCDA4C00EAEA73 /* cellHome.m */; };
		61CD3D4A1CFCDA4C00EAEA73 /* cellHome.xib in Resources */ = {isa = PBXBuildFile; fileRef = 61CD3D481CFCDA4C00EAEA73 /* cellHome.xib */; };
		61CD3D4C1CFCE07300EAEA73 /* jal.png in Resources */ = {isa = PBXBuildFile; fileRef = 61CD3D4B1CFCE07300EAEA73 /* jal.png */; };
		61CD3D511CFCEE2A00EAEA73 /* chi.jpg in Resources */ = {isa = PBXBuildFile; fileRef = 61CD3D4D1CFCEE2A00EAEA73 /* chi.jpg */; };
		61CD3D521CFCEE2A00EAEA73 /* mich.png in Resources */ = {isa = PBXBuildFile; fileRef = 61CD3D4E1CFCEE2A00EAEA73 /* mich.png */; };
		61CD3D531CFCEE2A00EAEA73 /* sin.png in Resources */ = {isa = PBXBuildFile; fileRef = 61CD3D4F1CFCEE2A00EAEA73 /* sin.png */; };
		61CD3D541CFCEE2A00EAEA73 /* zac.png in Resources */ = {isa = PBXBuildFile; fileRef = 61CD3D501CFCEE2A00EAEA73 /* zac.png */; };
		61CD3D581CFCF86100EAEA73 /* cellcity.m in Sources */ = {isa = PBXBuildFile; fileRef = 61CD3D561CFCF86100EAEA73 /* cellcity.m */; };
		61CD3D591CFCF86100EAEA73 /* cellcity.xib in Resources */ = {isa = PBXBuildFile; fileRef = 61CD3D571CFCF86100EAEA73 /* cellcity.xib */; };
		61CD3D5C1CFCF8AA00EAEA73 /* City.m in Sources */ = {isa = PBXBuildFile; fileRef = 61CD3D5B1CFCF8AA00EAEA73 /* City.m */; };
/* End PBXBuildFile section */

/* Begin PBXContainerItemProxy section */
		61CD3D341CFCD6E400EAEA73 /* PBXContainerItemProxy */ = {
			isa = PBXContainerItemProxy;
			containerPortal = 61CD3D0F1CFCD6E400EAEA73 /* Project object */;
			proxyType = 1;
			remoteGlobalIDString = 61CD3D161CFCD6E400EAEA73;
			remoteInfo = Estados;
		};
/* End PBXContainerItemProxy section */

/* Begin PBXFileReference section */
		619C90CB1CFD0B500018B2E1 /* gdl.jpg */ = {isa = PBXFileReference; lastKnownFileType = image.jpeg; name = gdl.jpg; path = imgs/gdl.jpg; sourceTree = "<group>"; };
		619C90CC1CFD0B500018B2E1 /* oct.jpg */ = {isa = PBXFileReference; lastKnownFileType = image.jpeg; name = oct.jpg; path = imgs/oct.jpg; sourceTree = "<group>"; };
		619C90CD1CFD0B500018B2E1 /* ptov.jpg */ = {isa = PBXFileReference; lastKnownFileType = image.jpeg; name = ptov.jpg; path = imgs/ptov.jpg; sourceTree = "<group>"; };
		619C90CE1CFD0B500018B2E1 /* tlq.jpg */ = {isa = PBXFileReference; lastKnownFileType = image.jpeg; name = tlq.jpg; path = imgs/tlq.jpg; sourceTree = "<group>"; };
		619C90CF1CFD0B500018B2E1 /* zpn.jpg */ = {isa = PBXFileReference; lastKnownFileType = image.jpeg; name = zpn.jpg; path = imgs/zpn.jpg; sourceTree = "<group>"; };
		619C90D61CFD14D80018B2E1 /* CityDetails.h */ = {isa = PBXFileReference; fileEncoding = 4; lastKnownFileType = sourcecode.c.h; path = CityDetails.h; sourceTree = "<group>"; };
		619C90D71CFD14D80018B2E1 /* CityDetails.m */ = {isa = PBXFileReference; fileEncoding = 4; lastKnownFileType = sourcecode.c.objc; path = CityDetails.m; sourceTree = "<group>"; };
		61CD3D171CFCD6E400EAEA73 /* Estados.app */ = {isa = PBXFileReference; explicitFileType = wrapper.application; includeInIndex = 0; path = Estados.app; sourceTree = BUILT_PRODUCTS_DIR; };
		61CD3D1B1CFCD6E400EAEA73 /* Info.plist */ = {isa = PBXFileReference; lastKnownFileType = text.plist.xml; path = Info.plist; sourceTree = "<group>"; };
		61CD3D1C1CFCD6E400EAEA73 /* main.m */ = {isa = PBXFileReference; lastKnownFileType = sourcecode.c.objc; path = main.m; sourceTree = "<group>"; };
		61CD3D1E1CFCD6E400EAEA73 /* AppDelegate.h */ = {isa = PBXFileReference; lastKnownFileType = sourcecode.c.h; path = AppDelegate.h; sourceTree = "<group>"; };
		61CD3D1F1CFCD6E400EAEA73 /* AppDelegate.m */ = {isa = PBXFileReference; lastKnownFileType = sourcecode.c.objc; path = AppDelegate.m; sourceTree = "<group>"; };
		61CD3D221CFCD6E400EAEA73 /* Estados.xcdatamodel */ = {isa = PBXFileReference; lastKnownFileType = wrapper.xcdatamodel; path = Estados.xcdatamodel; sourceTree = "<group>"; };
		61CD3D241CFCD6E400EAEA73 /* Home.h */ = {isa = PBXFileReference; lastKnownFileType = sourcecode.c.h; path = Home.h; sourceTree = "<group>"; };
		61CD3D251CFCD6E400EAEA73 /* Home.m */ = {isa = PBXFileReference; lastKnownFileType = sourcecode.c.objc; path = Home.m; sourceTree = "<group>"; };
		61CD3D281CFCD6E400EAEA73 /* Base */ = {isa = PBXFileReference; lastKnownFileType = file.storyboard; name = Base; path = Base.lproj/Main.storyboard; sourceTree = "<group>"; };
		61CD3D2A1CFCD6E400EAEA73 /* Images.xcassets */ = {isa = PBXFileReference; lastKnownFileType = folder.assetcatalog; path = Images.xcassets; sourceTree = "<group>"; };
		61CD3D2D1CFCD6E400EAEA73 /* Base */ = {isa = PBXFileReference; lastKnownFileType = file.xib; name = Base; path = Base.lproj/LaunchScreen.xib; sourceTree = "<group>"; };
		61CD3D331CFCD6E400EAEA73 /* EstadosTests.xctest */ = {isa = PBXFileReference; explicitFileType = wrapper.cfbundle; includeInIndex = 0; path = EstadosTests.xctest; sourceTree = BUILT_PRODUCTS_DIR; };
		61CD3D381CFCD6E400EAEA73 /* Info.plist */ = {isa = PBXFileReference; lastKnownFileType = text.plist.xml; path = Info.plist; sourceTree = "<group>"; };
		61CD3D391CFCD6E400EAEA73 /* EstadosTests.m */ = {isa = PBXFileReference; lastKnownFileType = sourcecode.c.objc; path = EstadosTests.m; sourceTree = "<group>"; };
		61CD3D461CFCDA4C00EAEA73 /* cellHome.h */ = {isa = PBXFileReference; fileEncoding = 4; lastKnownFileType = sourcecode.c.h; path = cellHome.h; sourceTree = "<group>"; };
		61CD3D471CFCDA4C00EAEA73 /* cellHome.m */ = {isa = PBXFileReference; fileEncoding = 4; lastKnownFileType = sourcecode.c.objc; path = cellHome.m; sourceTree = "<group>"; };
		61CD3D481CFCDA4C00EAEA73 /* cellHome.xib */ = {isa = PBXFileReference; fileEncoding = 4; lastKnownFileType = file.xib; path = cellHome.xib; sourceTree = "<group>"; };
		61CD3D4B1CFCE07300EAEA73 /* jal.png */ = {isa = PBXFileReference; lastKnownFileType = image.png; name = jal.png; path = imgs/jal.png; sourceTree = "<group>"; };
		61CD3D4D1CFCEE2A00EAEA73 /* chi.jpg */ = {isa = PBXFileReference; lastKnownFileType = image.jpeg; name = chi.jpg; path = imgs/chi.jpg; sourceTree = "<group>"; };
		61CD3D4E1CFCEE2A00EAEA73 /* mich.png */ = {isa = PBXFileReference; lastKnownFileType = image.png; name = mich.png; path = imgs/mich.png; sourceTree = "<group>"; };
		61CD3D4F1CFCEE2A00EAEA73 /* sin.png */ = {isa = PBXFileReference; lastKnownFileType = image.png; name = sin.png; path = imgs/sin.png; sourceTree = "<group>"; };
		61CD3D501CFCEE2A00EAEA73 /* zac.png */ = {isa = PBXFileReference; lastKnownFileType = image.png; name = zac.png; path = imgs/zac.png; sourceTree = "<group>"; };
		61CD3D551CFCF86100EAEA73 /* cellcity.h */ = {isa = PBXFileReference; fileEncoding = 4; lastKnownFileType = sourcecode.c.h; path = cellcity.h; sourceTree = "<group>"; };
		61CD3D561CFCF86100EAEA73 /* cellcity.m */ = {isa = PBXFileReference; fileEncoding = 4; lastKnownFileType = sourcecode.c.objc; path = cellcity.m; sourceTree = "<group>"; };
		61CD3D571CFCF86100EAEA73 /* cellcity.xib */ = {isa = PBXFileReference; fileEncoding = 4; lastKnownFileType = file.xib; path = cellcity.xib; sourceTree = "<group>"; };
		61CD3D5A1CFCF8AA00EAEA73 /* City.h */ = {isa = PBXFileReference; fileEncoding = 4; lastKnownFileType = sourcecode.c.h; path = City.h; sourceTree = "<group>"; };
		61CD3D5B1CFCF8AA00EAEA73 /* City.m */ = {isa = PBXFileReference; fileEncoding = 4; lastKnownFileType = sourcecode.c.objc; path = City.m; sourceTree = "<group>"; };
/* End PBXFileReference section */

/* Begin PBXFrameworksBuildPhase section */
		61CD3D141CFCD6E400EAEA73 /* Frameworks */ = {
			isa = PBXFrameworksBuildPhase;
			buildActionMask = 2147483647;
			files = (
			);
			runOnlyForDeploymentPostprocessing = 0;
		};
		61CD3D301CFCD6E400EAEA73 /* Frameworks */ = {
			isa = PBXFrameworksBuildPhase;
			buildActionMask = 2147483647;
			files = (
			);
			runOnlyForDeploymentPostprocessing = 0;
		};
/* End PBXFrameworksBuildPhase section */

/* Begin PBXGroup section */
		619C90D51CFD14A70018B2E1 /* imgs */ = {
			isa = PBXGroup;
			children = (
				619C90CB1CFD0B500018B2E1 /* gdl.jpg */,
				619C90CC1CFD0B500018B2E1 /* oct.jpg */,
				619C90CD1CFD0B500018B2E1 /* ptov.jpg */,
				619C90CE1CFD0B500018B2E1 /* tlq.jpg */,
				619C90CF1CFD0B500018B2E1 /* zpn.jpg */,
				61CD3D4D1CFCEE2A00EAEA73 /* chi.jpg */,
				61CD3D4E1CFCEE2A00EAEA73 /* mich.png */,
				61CD3D4F1CFCEE2A00EAEA73 /* sin.png */,
				61CD3D501CFCEE2A00EAEA73 /* zac.png */,
				61CD3D4B1CFCE07300EAEA73 /* jal.png */,
			);
			name = imgs;
			sourceTree = "<group>";
		};
		61CD3D0E1CFCD6E400EAEA73 = {
			isa = PBXGroup;
			children = (
				61CD3D191CFCD6E400EAEA73 /* Estados */,
				61CD3D361CFCD6E400EAEA73 /* EstadosTests */,
				61CD3D181CFCD6E400EAEA73 /* Products */,
			);
			sourceTree = "<group>";
		};
		61CD3D181CFCD6E400EAEA73 /* Products */ = {
			isa = PBXGroup;
			children = (
				61CD3D171CFCD6E400EAEA73 /* Estados.app */,
				61CD3D331CFCD6E400EAEA73 /* EstadosTests.xctest */,
			);
			name = Products;
			sourceTree = "<group>";
		};
		61CD3D191CFCD6E400EAEA73 /* Estados */ = {
			isa = PBXGroup;
			children = (
				619C90D51CFD14A70018B2E1 /* imgs */,
				61CD3D451CFCD72D00EAEA73 /* Cell */,
				61CD3D441CFCD71900EAEA73 /* Main */,
				61CD3D431CFCD6EF00EAEA73 /* Controllers */,
				61CD3D271CFCD6E400EAEA73 /* Main.storyboard */,
				61CD3D2A1CFCD6E400EAEA73 /* Images.xcassets */,
				61CD3D2C1CFCD6E400EAEA73 /* LaunchScreen.xib */,
				61CD3D211CFCD6E400EAEA73 /* Estados.xcdatamodeld */,
				61CD3D1A1CFCD6E400EAEA73 /* Supporting Files */,
			);
			path = Estados;
			sourceTree = "<group>";
		};
		61CD3D1A1CFCD6E400EAEA73 /* Supporting Files */ = {
			isa = PBXGroup;
			children = (
				61CD3D1B1CFCD6E400EAEA73 /* Info.plist */,
				61CD3D1C1CFCD6E400EAEA73 /* main.m */,
			);
			name = "Supporting Files";
			sourceTree = "<group>";
		};
		61CD3D361CFCD6E400EAEA73 /* EstadosTests */ = {
			isa = PBXGroup;
			children = (
				61CD3D391CFCD6E400EAEA73 /* EstadosTests.m */,
				61CD3D371CFCD6E400EAEA73 /* Supporting Files */,
			);
			path = EstadosTests;
			sourceTree = "<group>";
		};
		61CD3D371CFCD6E400EAEA73 /* Supporting Files */ = {
			isa = PBXGroup;
			children = (
				61CD3D381CFCD6E400EAEA73 /* Info.plist */,
			);
			name = "Supporting Files";
			sourceTree = "<group>";
		};
		61CD3D431CFCD6EF00EAEA73 /* Controllers */ = {
			isa = PBXGroup;
			children = (
				61CD3D241CFCD6E400EAEA73 /* Home.h */,
				61CD3D251CFCD6E400EAEA73 /* Home.m */,
				61CD3D5A1CFCF8AA00EAEA73 /* City.h */,
				61CD3D5B1CFCF8AA00EAEA73 /* City.m */,
				619C90D61CFD14D80018B2E1 /* CityDetails.h */,
				619C90D71CFD14D80018B2E1 /* CityDetails.m */,
			);
			name = Controllers;
			sourceTree = "<group>";
		};
		61CD3D441CFCD71900EAEA73 /* Main */ = {
			isa = PBXGroup;
			children = (
				61CD3D1E1CFCD6E400EAEA73 /* AppDelegate.h */,
				61CD3D1F1CFCD6E400EAEA73 /* AppDelegate.m */,
			);
			name = Main;
			sourceTree = "<group>";
		};
		61CD3D451CFCD72D00EAEA73 /* Cell */ = {
			isa = PBXGroup;
			children = (
				61CD3D461CFCDA4C00EAEA73 /* cellHome.h */,
				61CD3D471CFCDA4C00EAEA73 /* cellHome.m */,
				61CD3D481CFCDA4C00EAEA73 /* cellHome.xib */,
				61CD3D551CFCF86100EAEA73 /* cellcity.h */,
				61CD3D561CFCF86100EAEA73 /* cellcity.m */,
				61CD3D571CFCF86100EAEA73 /* cellcity.xib */,
			);
			name = Cell;
			sourceTree = "<group>";
		};
/* End PBXGroup section */

/* Begin PBXNativeTarget section */
		61CD3D161CFCD6E400EAEA73 /* Estados */ = {
			isa = PBXNativeTarget;
			buildConfigurationList = 61CD3D3D1CFCD6E400EAEA73 /* Build configuration list for PBXNativeTarget "Estados" */;
			buildPhases = (
				61CD3D131CFCD6E400EAEA73 /* Sources */,
				61CD3D141CFCD6E400EAEA73 /* Frameworks */,
				61CD3D151CFCD6E400EAEA73 /* Resources */,
			);
			buildRules = (
			);
			dependencies = (
			);
			name = Estados;
			productName = Estados;
			productReference = 61CD3D171CFCD6E400EAEA73 /* Estados.app */;
			productType = "com.apple.product-type.application";
		};
		61CD3D321CFCD6E400EAEA73 /* EstadosTests */ = {
			isa = PBXNativeTarget;
			buildConfigurationList = 61CD3D401CFCD6E400EAEA73 /* Build configuration list for PBXNativeTarget "EstadosTests" */;
			buildPhases = (
				61CD3D2F1CFCD6E400EAEA73 /* Sources */,
				61CD3D301CFCD6E400EAEA73 /* Frameworks */,
				61CD3D311CFCD6E400EAEA73 /* Resources */,
			);
			buildRules = (
			);
			dependencies = (
				61CD3D351CFCD6E400EAEA73 /* PBXTargetDependency */,
			);
			name = EstadosTests;
			productName = EstadosTests;
			productReference = 61CD3D331CFCD6E400EAEA73 /* EstadosTests.xctest */;
			productType = "com.apple.product-type.bundle.unit-test";
		};
/* End PBXNativeTarget section */

/* Begin PBXProject section */
		61CD3D0F1CFCD6E400EAEA73 /* Project object */ = {
			isa = PBXProject;
			attributes = {
				LastUpgradeCheck = 0640;
				ORGANIZATIONNAME = maciel;
				TargetAttributes = {
					61CD3D161CFCD6E400EAEA73 = {
						CreatedOnToolsVersion = 6.4;
					};
					61CD3D321CFCD6E400EAEA73 = {
						CreatedOnToolsVersion = 6.4;
						TestTargetID = 61CD3D161CFCD6E400EAEA73;
					};
				};
			};
			buildConfigurationList = 61CD3D121CFCD6E400EAEA73 /* Build configuration list for PBXProject "Estados" */;
			compatibilityVersion = "Xcode 3.2";
			developmentRegion = English;
			hasScannedForEncodings = 0;
			knownRegions = (
				en,
				Base,
			);
			mainGroup = 61CD3D0E1CFCD6E400EAEA73;
			productRefGroup = 61CD3D181CFCD6E400EAEA73 /* Products */;
			projectDirPath = "";
			projectRoot = "";
			targets = (
				61CD3D161CFCD6E400EAEA73 /* Estados */,
				61CD3D321CFCD6E400EAEA73 /* EstadosTests */,
			);
		};
/* End PBXProject section */

/* Begin PBXResourcesBuildPhase section */
		61CD3D151CFCD6E400EAEA73 /* Resources */ = {
			isa = PBXResourcesBuildPhase;
			buildActionMask = 2147483647;
			files = (
				619C90D11CFD0B500018B2E1 /* oct.jpg in Resources */,
				619C90D21CFD0B500018B2E1 /* ptov.jpg in Resources */,
				61CD3D541CFCEE2A00EAEA73 /* zac.png in Resources */,
				61CD3D511CFCEE2A00EAEA73 /* chi.jpg in Resources */,
				61CD3D591CFCF86100EAEA73 /* cellcity.xib in Resources */,
				61CD3D291CFCD6E400EAEA73 /* Main.storyboard in Resources */,
				61CD3D2E1CFCD6E400EAEA73 /* LaunchScreen.xib in Resources */,
				619C90D01CFD0B500018B2E1 /* gdl.jpg in Resources */,
				61CD3D4C1CFCE07300EAEA73 /* jal.png in Resources */,
				619C90D41CFD0B500018B2E1 /* zpn.jpg in Resources */,
				61CD3D531CFCEE2A00EAEA73 /* sin.png in Resources */,
				61CD3D4A1CFCDA4C00EAEA73 /* cellHome.xib in Resources */,
				619C90D31CFD0B500018B2E1 /* tlq.jpg in Resources */,
				61CD3D2B1CFCD6E400EAEA73 /* Images.xcassets in Resources */,
				61CD3D521CFCEE2A00EAEA73 /* mich.png in Resources */,
			);
			runOnlyForDeploymentPostprocessing = 0;
		};
		61CD3D311CFCD6E400EAEA73 /* Resources */ = {
			isa = PBXResourcesBuildPhase;
			buildActionMask = 2147483647;
			files = (
			);
			runOnlyForDeploymentPostprocessing = 0;
		};
/* End PBXResourcesBuildPhase section */

/* Begin PBXSourcesBuildPhase section */
		61CD3D131CFCD6E400EAEA73 /* Sources */ = {
			isa = PBXSourcesBuildPhase;
			buildActionMask = 2147483647;
			files = (
				61CD3D231CFCD6E400EAEA73 /* Estados.xcdatamodeld in Sources */,
				61CD3D201CFCD6E400EAEA73 /* AppDelegate.m in Sources */,
				61CD3D581CFCF86100EAEA73 /* cellcity.m in Sources */,
				61CD3D261CFCD6E400EAEA73 /* Home.m in Sources */,
				61CD3D491CFCDA4C00EAEA73 /* cellHome.m in Sources */,
				61CD3D5C1CFCF8AA00EAEA73 /* City.m in Sources */,
				61CD3D1D1CFCD6E400EAEA73 /* main.m in Sources */,
				619C90D81CFD14D80018B2E1 /* CityDetails.m in Sources */,
			);
			runOnlyForDeploymentPostprocessing = 0;
		};
		61CD3D2F1CFCD6E400EAEA73 /* Sources */ = {
			isa = PBXSourcesBuildPhase;
			buildActionMask = 2147483647;
			files = (
				61CD3D3A1CFCD6E400EAEA73 /* EstadosTests.m in Sources */,
			);
			runOnlyForDeploymentPostprocessing = 0;
		};
/* End PBXSourcesBuildPhase section */

/* Begin PBXTargetDependency section */
		61CD3D351CFCD6E400EAEA73 /* PBXTargetDependency */ = {
			isa = PBXTargetDependency;
			target = 61CD3D161CFCD6E400EAEA73 /* Estados */;
			targetProxy = 61CD3D341CFCD6E400EAEA73 /* PBXContainerItemProxy */;
		};
/* End PBXTargetDependency section */

/* Begin PBXVariantGroup section */
		61CD3D271CFCD6E400EAEA73 /* Main.storyboard */ = {
			isa = PBXVariantGroup;
			children = (
				61CD3D281CFCD6E400EAEA73 /* Base */,
			);
			name = Main.storyboard;
			sourceTree = "<group>";
		};
		61CD3D2C1CFCD6E400EAEA73 /* LaunchScreen.xib */ = {
			isa = PBXVariantGroup;
			children = (
				61CD3D2D1CFCD6E400EAEA73 /* Base */,
			);
			name = LaunchScreen.xib;
			sourceTree = "<group>";
		};
/* End PBXVariantGroup section */

/* Begin XCBuildConfiguration section */
		61CD3D3B1CFCD6E400EAEA73 /* Debug */ = {
			isa = XCBuildConfiguration;
			buildSettings = {
				ALWAYS_SEARCH_USER_PATHS = NO;
				CLANG_CXX_LANGUAGE_STANDARD = "gnu++0x";
				CLANG_CXX_LIBRARY = "libc++";
				CLANG_ENABLE_MODULES = YES;
				CLANG_ENABLE_OBJC_ARC = YES;
				CLANG_WARN_BOOL_CONVERSION = YES;
				CLANG_WARN_CONSTANT_CONVERSION = YES;
				CLANG_WARN_DIRECT_OBJC_ISA_USAGE = YES_ERROR;
				CLANG_WARN_EMPTY_BODY = YES;
				CLANG_WARN_ENUM_CONVERSION = YES;
				CLANG_WARN_INT_CONVERSION = YES;
				CLANG_WARN_OBJC_ROOT_CLASS = YES_ERROR;
				CLANG_WARN_UNREACHABLE_CODE = YES;
				CLANG_WARN__DUPLICATE_METHOD_MATCH = YES;
				"CODE_SIGN_IDENTITY[sdk=iphoneos*]" = "iPhone Developer";
				COPY_PHASE_STRIP = NO;
				DEBUG_INFORMATION_FORMAT = "dwarf-with-dsym";
				ENABLE_STRICT_OBJC_MSGSEND = YES;
				GCC_C_LANGUAGE_STANDARD = gnu99;
				GCC_DYNAMIC_NO_PIC = NO;
				GCC_NO_COMMON_BLOCKS = YES;
				GCC_OPTIMIZATION_LEVEL = 0;
				GCC_PREPROCESSOR_DEFINITIONS = (
					"DEBUG=1",
					"$(inherited)",
				);
				GCC_SYMBOLS_PRIVATE_EXTERN = NO;
				GCC_WARN_64_TO_32_BIT_CONVERSION = YES;
				GCC_WARN_ABOUT_RETURN_TYPE = YES_ERROR;
				GCC_WARN_UNDECLARED_SELECTOR = YES;
				GCC_WARN_UNINITIALIZED_AUTOS = YES_AGGRESSIVE;
				GCC_WARN_UNUSED_FUNCTION = YES;
				GCC_WARN_UNUSED_VARIABLE = YES;
				IPHONEOS_DEPLOYMENT_TARGET = 8.4;
				MTL_ENABLE_DEBUG_INFO = YES;
				ONLY_ACTIVE_ARCH = YES;
				SDKROOT = iphoneos;
			};
			name = Debug;
		};
		61CD3D3C1CFCD6E400EAEA73 /* Release */ = {
			isa = XCBuildConfiguration;
			buildSettings = {
				ALWAYS_SEARCH_USER_PATHS = NO;
				CLANG_CXX_LANGUAGE_STANDARD = "gnu++0x";
				CLANG_CXX_LIBRARY = "libc++";
				CLANG_ENABLE_MODULES = YES;
				CLANG_ENABLE_OBJC_ARC = YES;
				CLANG_WARN_BOOL_CONVERSION = YES;
				CLANG_WARN_CONSTANT_CONVERSION = YES;
				CLANG_WARN_DIRECT_OBJC_ISA_USAGE = YES_ERROR;
				CLANG_WARN_EMPTY_BODY = YES;
				CLANG_WARN_ENUM_CONVERSION = YES;
				CLANG_WARN_INT_CONVERSION = YES;
				CLANG_WARN_OBJC_ROOT_CLASS = YES_ERROR;
				CLANG_WARN_UNREACHABLE_CODE = YES;
				CLANG_WARN__DUPLICATE_METHOD_MATCH = YES;
				"CODE_SIGN_IDENTITY[sdk=iphoneos*]" = "iPhone Developer";
				COPY_PHASE_STRIP = NO;
				DEBUG_INFORMATION_FORMAT = "dwarf-with-dsym";
				ENABLE_NS_ASSERTIONS = NO;
				ENABLE_STRICT_OBJC_MSGSEND = YES;
				GCC_C_LANGUAGE_STANDARD = gnu99;
				GCC_NO_COMMON_BLOCKS = YES;
				GCC_WARN_64_TO_32_BIT_CONVERSION = YES;
				GCC_WARN_ABOUT_RETURN_TYPE = YES_ERROR;
				GCC_WARN_UNDECLARED_SELECTOR = YES;
				GCC_WARN_UNINITIALIZED_AUTOS = YES_AGGRESSIVE;
				GCC_WARN_UNUSED_FUNCTION = YES;
				GCC_WARN_UNUSED_VARIABLE = YES;
				IPHONEOS_DEPLOYMENT_TARGET = 8.4;
				MTL_ENABLE_DEBUG_INFO = NO;
				SDKROOT = iphoneos;
				VALIDATE_PRODUCT = YES;
			};
			name = Release;
		};
		61CD3D3E1CFCD6E400EAEA73 /* Debug */ = {
			isa = XCBuildConfiguration;
			buildSettings = {
				ASSETCATALOG_COMPILER_APPICON_NAME = AppIcon;
				INFOPLIST_FILE = Estados/Info.plist;
				LD_RUNPATH_SEARCH_PATHS = "$(inherited) @executable_path/Frameworks";
				PRODUCT_NAME = "$(TARGET_NAME)";
			};
			name = Debug;
		};
		61CD3D3F1CFCD6E400EAEA73 /* Release */ = {
			isa = XCBuildConfiguration;
			buildSettings = {
				ASSETCATALOG_COMPILER_APPICON_NAME = AppIcon;
				INFOPLIST_FILE = Estados/Info.plist;
				LD_RUNPATH_SEARCH_PATHS = "$(inherited) @executable_path/Frameworks";
				PRODUCT_NAME = "$(TARGET_NAME)";
			};
			name = Release;
		};
		61CD3D411CFCD6E400EAEA73 /* Debug */ = {
			isa = XCBuildConfiguration;
			buildSettings = {
				BUNDLE_LOADER = "$(TEST_HOST)";
				FRAMEWORK_SEARCH_PATHS = (
					"$(SDKROOT)/Developer/Library/Frameworks",
					"$(inherited)",
				);
				GCC_PREPROCESSOR_DEFINITIONS = (
					"DEBUG=1",
					"$(inherited)",
				);
				INFOPLIST_FILE = EstadosTests/Info.plist;
				LD_RUNPATH_SEARCH_PATHS = "$(inherited) @executable_path/Frameworks @loader_path/Frameworks";
				PRODUCT_NAME = "$(TARGET_NAME)";
				TEST_HOST = "$(BUILT_PRODUCTS_DIR)/Estados.app/Estados";
			};
			name = Debug;
		};
		61CD3D421CFCD6E400EAEA73 /* Release */ = {
			isa = XCBuildConfiguration;
			buildSettings = {
				BUNDLE_LOADER = "$(TEST_HOST)";
				FRAMEWORK_SEARCH_PATHS = (
					"$(SDKROOT)/Developer/Library/Frameworks",
					"$(inherited)",
				);
				INFOPLIST_FILE = EstadosTests/Info.plist;
				LD_RUNPATH_SEARCH_PATHS = "$(inherited) @executable_path/Frameworks @loader_path/Frameworks";
				PRODUCT_NAME = "$(TARGET_NAME)";
				TEST_HOST = "$(BUILT_PRODUCTS_DIR)/Estados.app/Estados";
			};
			name = Release;
		};
/* End XCBuildConfiguration section */

/* Begin XCConfigurationList section */
		61CD3D121CFCD6E400EAEA73 /* Build configuration list for PBXProject "Estados" */ = {
			isa = XCConfigurationList;
			buildConfigurations = (
				61CD3D3B1CFCD6E400EAEA73 /* Debug */,
				61CD3D3C1CFCD6E400EAEA73 /* Release */,
			);
			defaultConfigurationIsVisible = 0;
			defaultConfigurationName = Release;
		};
		61CD3D3D1CFCD6E400EAEA73 /* Build configuration list for PBXNativeTarget "Estados" */ = {
			isa = XCConfigurationList;
			buildConfigurations = (
				61CD3D3E1CFCD6E400EAEA73 /* Debug */,
				61CD3D3F1CFCD6E400EAEA73 /* Release */,
			);
			defaultConfigurationIsVisible = 0;
			defaultConfigurationName = Release;
		};
		61CD3D401CFCD6E400EAEA73 /* Build configuration list for PBXNativeTarget "EstadosTests" */ = {
			isa = XCConfigurationList;
			buildConfigurations = (
				61CD3D411CFCD6E400EAEA73 /* Debug */,
				61CD3D421CFCD6E400EAEA73 /* Release */,
			);
			defaultConfigurationIsVisible = 0;
			defaultConfigurationName = Release;
		};
/* End XCConfigurationList section */

/* Begin XCVersionGroup section */
		61CD3D211CFCD6E400EAEA73 /* Estados.xcdatamodeld */ = {
			isa = XCVersionGroup;
			children = (
				61CD3D221CFCD6E400EAEA73 /* Estados.xcdatamodel */,
			);
			currentVersion = 61CD3D221CFCD6E400EAEA73 /* Estados.xcdatamodel */;
			path = Estados.xcdatamodeld;
			sourceTree = "<group>";
			versionGroupType = wrapper.xcdatamodel;
		};
/* End XCVersionGroup section */
	};
	rootObject = 61CD3D0F1CFCD6E400EAEA73 /* Project object */;
}
